
Microsoft Visual Studio Solution File, Format Version 12.00
# Visual Studio 2013
VisualStudioVersion = 12.0.31101.0
MinimumVisualStudioVersion = 10.0.40219.1
Project("{8BC9CEB8-8B4A-11D0-8D11-00A0C91BC942}") = "010115 Simple3DGame", "DX3D9HomeAssignment2015\DX3D9HomeAssignment2015.vcxproj", "{E2BA3D42-D9A9-4105-A1E3-55542929B254}"
EndProject
Project("{8BC9CEB8-8B4A-11D0-8D11-00A0C91BC942}") = "010215 ParsingObj", "010215 ParsingObjMtl\010214 ParsingObjMtl.vcxproj", "{06BD99BE-4340-4867-A6F9-A2B2660252D9}"
EndProject
Project("{8BC9CEB8-8B4A-11D0-8D11-00A0C91BC942}") = "010515 MapMoveCollision", "010515 MapMoveCollision\010515 MapMoveCollsion.vcxproj", "{E3D91577-090E-4B5E-9DEA-BED02CCCC581}"
EndProject
Project("{8BC9CEB8-8B4A-11D0-8D11-00A0C91BC942}") = "010615 VertexBuffer", "010615 VertexBuffer\010615 VertexBuffer.vcxproj", "{CDAC0182-0D44-4C38-BD7D-97FBFE4712CD}"
EndProject
Project("{8BC9CEB8-8B4A-11D0-8D11-00A0C91BC942}") = "010715 Mesh", "010715 Mesh\010715 VertexBuffer.vcxproj", "{8E6704A6-B177-4A4B-B5E4-B2B64F89CCA2}"
EndProject
Project("{8BC9CEB8-8B4A-11D0-8D11-00A0C91BC942}") = "010815 ASE Parser", "010815 ASE Parser\010815 ASE Parser.vcxproj", "{809D4800-5B26-4D80-A9B7-80377D1A0F5C}"
EndProject
Project("{8BC9CEB8-8B4A-11D0-8D11-00A0C91BC942}") = "010815 ASE Parser2", "010815 ASE Parser2\Dx3D\Dx3D.vcxproj", "{F95FBCA4-3173-4645-A0BF-FC93552413D5}"
EndProject
Project("{8BC9CEB8-8B4A-11D0-8D11-00A0C91BC942}") = "010915 MyAseLoader", "010915 MyASELoader\010915 MyASELoader.vcxproj", "{D633B6D8-D9FA-4C48-8ED2-007BCD7A9F88}"
EndProject
Project("{8BC9CEB8-8B4A-11D0-8D11-00A0C91BC942}") = "011215 Interpolation", "011215 Interpolation\011215 Interpolation.vcxproj", "{F58B9825-59B1-4B8F-82A7-808F200A2A5A}"
EndProject
Project("{8BC9CEB8-8B4A-11D0-8D11-00A0C91BC942}") = "011315 ObjectRefactoring", "011315 ObjectRefactoring\011315 ObjectRefactoring.vcxproj", "{F978A817-A761-4B1C-B94A-43ED392DEE56}"
EndProject
Project("{8BC9CEB8-8B4A-11D0-8D11-00A0C91BC942}") = "011415 AseAnimationParser", "011415 AseAnimationParser\011415 AseAnimationParser.vcxproj", "{99DDB537-EAFA-4376-9B74-7A1BE93C03FD}"
EndProject
Project("{8BC9CEB8-8B4A-11D0-8D11-00A0C91BC942}") = "011615 Simple3DCharGame", "011615 Simple3DCharGame\011615 Simple3DCharGame.vcxproj", "{C7503BA6-3795-4638-9088-C6A531D04E0C}"
EndProject
Project("{8BC9CEB8-8B4A-11D0-8D11-00A0C91BC942}") = "011915 HeightMap", "011915 HeightMap\011915 HeightMap.vcxproj", "{02F4E781-32AA-4161-AB9F-DDD086191714}"
EndProject
Project("{8BC9CEB8-8B4A-11D0-8D11-00A0C91BC942}") = "012115 LoadMeshX", "012115 LoadMeshX\012115 LoadMeshX.vcxproj", "{745FB956-3410-4543-AB95-3C77C5525202}"
EndProject
Global
	GlobalSection(SolutionConfigurationPlatforms) = preSolution
		Debug|Win32 = Debug|Win32
		Release|Win32 = Release|Win32
	EndGlobalSection
	GlobalSection(ProjectConfigurationPlatforms) = postSolution
		{E2BA3D42-D9A9-4105-A1E3-55542929B254}.Debug|Win32.ActiveCfg = Debug|Win32
		{E2BA3D42-D9A9-4105-A1E3-55542929B254}.Debug|Win32.Build.0 = Debug|Win32
		{E2BA3D42-D9A9-4105-A1E3-55542929B254}.Release|Win32.ActiveCfg = Release|Win32
		{E2BA3D42-D9A9-4105-A1E3-55542929B254}.Release|Win32.Build.0 = Release|Win32
		{06BD99BE-4340-4867-A6F9-A2B2660252D9}.Debug|Win32.ActiveCfg = Debug|Win32
		{06BD99BE-4340-4867-A6F9-A2B2660252D9}.Debug|Win32.Build.0 = Debug|Win32
		{06BD99BE-4340-4867-A6F9-A2B2660252D9}.Release|Win32.ActiveCfg = Release|Win32
		{06BD99BE-4340-4867-A6F9-A2B2660252D9}.Release|Win32.Build.0 = Release|Win32
		{E3D91577-090E-4B5E-9DEA-BED02CCCC581}.Debug|Win32.ActiveCfg = Debug|Win32
		{E3D91577-090E-4B5E-9DEA-BED02CCCC581}.Debug|Win32.Build.0 = Debug|Win32
		{E3D91577-090E-4B5E-9DEA-BED02CCCC581}.Release|Win32.ActiveCfg = Release|Win32
		{E3D91577-090E-4B5E-9DEA-BED02CCCC581}.Release|Win32.Build.0 = Release|Win32
		{CDAC0182-0D44-4C38-BD7D-97FBFE4712CD}.Debug|Win32.ActiveCfg = Debug|Win32
		{CDAC0182-0D44-4C38-BD7D-97FBFE4712CD}.Debug|Win32.Build.0 = Debug|Win32
		{CDAC0182-0D44-4C38-BD7D-97FBFE4712CD}.Release|Win32.ActiveCfg = Release|Win32
		{CDAC0182-0D44-4C38-BD7D-97FBFE4712CD}.Release|Win32.Build.0 = Release|Win32
		{8E6704A6-B177-4A4B-B5E4-B2B64F89CCA2}.Debug|Win32.ActiveCfg = Debug|Win32
		{8E6704A6-B177-4A4B-B5E4-B2B64F89CCA2}.Debug|Win32.Build.0 = Debug|Win32
		{8E6704A6-B177-4A4B-B5E4-B2B64F89CCA2}.Release|Win32.ActiveCfg = Release|Win32
		{8E6704A6-B177-4A4B-B5E4-B2B64F89CCA2}.Release|Win32.Build.0 = Release|Win32
		{809D4800-5B26-4D80-A9B7-80377D1A0F5C}.Debug|Win32.ActiveCfg = Debug|Win32
		{809D4800-5B26-4D80-A9B7-80377D1A0F5C}.Debug|Win32.Build.0 = Debug|Win32
		{809D4800-5B26-4D80-A9B7-80377D1A0F5C}.Release|Win32.ActiveCfg = Release|Win32
		{809D4800-5B26-4D80-A9B7-80377D1A0F5C}.Release|Win32.Build.0 = Release|Win32
		{F95FBCA4-3173-4645-A0BF-FC93552413D5}.Debug|Win32.ActiveCfg = Debug|Win32
		{F95FBCA4-3173-4645-A0BF-FC93552413D5}.Debug|Win32.Build.0 = Debug|Win32
		{F95FBCA4-3173-4645-A0BF-FC93552413D5}.Release|Win32.ActiveCfg = Release|Win32
		{F95FBCA4-3173-4645-A0BF-FC93552413D5}.Release|Win32.Build.0 = Release|Win32
		{D633B6D8-D9FA-4C48-8ED2-007BCD7A9F88}.Debug|Win32.ActiveCfg = Debug|Win32
		{D633B6D8-D9FA-4C48-8ED2-007BCD7A9F88}.Debug|Win32.Build.0 = Debug|Win32
		{D633B6D8-D9FA-4C48-8ED2-007BCD7A9F88}.Release|Win32.ActiveCfg = Release|Win32
		{D633B6D8-D9FA-4C48-8ED2-007BCD7A9F88}.Release|Win32.Build.0 = Release|Win32
		{F58B9825-59B1-4B8F-82A7-808F200A2A5A}.Debug|Win32.ActiveCfg = Debug|Win32
		{F58B9825-59B1-4B8F-82A7-808F200A2A5A}.Debug|Win32.Build.0 = Debug|Win32
		{F58B9825-59B1-4B8F-82A7-808F200A2A5A}.Release|Win32.ActiveCfg = Release|Win32
		{F58B9825-59B1-4B8F-82A7-808F200A2A5A}.Release|Win32.Build.0 = Release|Win32
		{F978A817-A761-4B1C-B94A-43ED392DEE56}.Debug|Win32.ActiveCfg = Debug|Win32
		{F978A817-A761-4B1C-B94A-43ED392DEE56}.Debug|Win32.Build.0 = Debug|Win32
		{F978A817-A761-4B1C-B94A-43ED392DEE56}.Release|Win32.ActiveCfg = Release|Win32
		{F978A817-A761-4B1C-B94A-43ED392DEE56}.Release|Win32.Build.0 = Release|Win32
		{99DDB537-EAFA-4376-9B74-7A1BE93C03FD}.Debug|Win32.ActiveCfg = Debug|Win32
		{99DDB537-EAFA-4376-9B74-7A1BE93C03FD}.Debug|Win32.Build.0 = Debug|Win32
		{99DDB537-EAFA-4376-9B74-7A1BE93C03FD}.Release|Win32.ActiveCfg = Release|Win32
		{99DDB537-EAFA-4376-9B74-7A1BE93C03FD}.Release|Win32.Build.0 = Release|Win32
		{C7503BA6-3795-4638-9088-C6A531D04E0C}.Debug|Win32.ActiveCfg = Debug|Win32
		{C7503BA6-3795-4638-9088-C6A531D04E0C}.Debug|Win32.Build.0 = Debug|Win32
		{C7503BA6-3795-4638-9088-C6A531D04E0C}.Release|Win32.ActiveCfg = Release|Win32
		{C7503BA6-3795-4638-9088-C6A531D04E0C}.Release|Win32.Build.0 = Release|Win32
		{02F4E781-32AA-4161-AB9F-DDD086191714}.Debug|Win32.ActiveCfg = Debug|Win32
		{02F4E781-32AA-4161-AB9F-DDD086191714}.Debug|Win32.Build.0 = Debug|Win32
		{02F4E781-32AA-4161-AB9F-DDD086191714}.Release|Win32.ActiveCfg = Release|Win32
		{02F4E781-32AA-4161-AB9F-DDD086191714}.Release|Win32.Build.0 = Release|Win32
		{745FB956-3410-4543-AB95-3C77C5525202}.Debug|Win32.ActiveCfg = Debug|Win32
		{745FB956-3410-4543-AB95-3C77C5525202}.Debug|Win32.Build.0 = Debug|Win32
		{745FB956-3410-4543-AB95-3C77C5525202}.Release|Win32.ActiveCfg = Release|Win32
		{745FB956-3410-4543-AB95-3C77C5525202}.Release|Win32.Build.0 = Release|Win32
	EndGlobalSection
	GlobalSection(SolutionProperties) = preSolution
		HideSolutionNode = FALSE
	EndGlobalSection
EndGlobal
