
Microsoft Visual Studio Solution File, Format Version 12.00
# Visual Studio 2013
VisualStudioVersion = 12.0.31101.0
MinimumVisualStudioVersion = 10.0.40219.1
Project("{8BC9CEB8-8B4A-11D0-8D11-00A0C91BC942}") = "010115 Simple3DGame", "DX3D9HomeAssignment2015\DX3D9HomeAssignment2015.vcxproj", "{E2BA3D42-D9A9-4105-A1E3-55542929B254}"
EndProject
Project("{8BC9CEB8-8B4A-11D0-8D11-00A0C91BC942}") = "010215 ParsingObj", "010215 ParsingObjMtl\010214 ParsingObjMtl.vcxproj", "{06BD99BE-4340-4867-A6F9-A2B2660252D9}"
EndProject
Project("{8BC9CEB8-8B4A-11D0-8D11-00A0C91BC942}") = "010515 MapMoveCollision", "010515 MapMoveCollision\010515 MapMoveCollsion.vcxproj", "{E3D91577-090E-4B5E-9DEA-BED02CCCC581}"
EndProject
Project("{8BC9CEB8-8B4A-11D0-8D11-00A0C91BC942}") = "010615 VertexBuffer", "010615 VertexBuffer\010615 VertexBuffer.vcxproj", "{CDAC0182-0D44-4C38-BD7D-97FBFE4712CD}"
EndProject
Project("{8BC9CEB8-8B4A-11D0-8D11-00A0C91BC942}") = "010715 Mesh", "010715 Mesh\010715 VertexBuffer.vcxproj", "{8E6704A6-B177-4A4B-B5E4-B2B64F89CCA2}"
EndProject
Global
	GlobalSection(SolutionConfigurationPlatforms) = preSolution
		Debug|Win32 = Debug|Win32
		Release|Win32 = Release|Win32
	EndGlobalSection
	GlobalSection(ProjectConfigurationPlatforms) = postSolution
		{E2BA3D42-D9A9-4105-A1E3-55542929B254}.Debug|Win32.ActiveCfg = Debug|Win32
		{E2BA3D42-D9A9-4105-A1E3-55542929B254}.Debug|Win32.Build.0 = Debug|Win32
		{E2BA3D42-D9A9-4105-A1E3-55542929B254}.Release|Win32.ActiveCfg = Release|Win32
		{E2BA3D42-D9A9-4105-A1E3-55542929B254}.Release|Win32.Build.0 = Release|Win32
		{06BD99BE-4340-4867-A6F9-A2B2660252D9}.Debug|Win32.ActiveCfg = Debug|Win32
		{06BD99BE-4340-4867-A6F9-A2B2660252D9}.Debug|Win32.Build.0 = Debug|Win32
		{06BD99BE-4340-4867-A6F9-A2B2660252D9}.Release|Win32.ActiveCfg = Release|Win32
		{06BD99BE-4340-4867-A6F9-A2B2660252D9}.Release|Win32.Build.0 = Release|Win32
		{E3D91577-090E-4B5E-9DEA-BED02CCCC581}.Debug|Win32.ActiveCfg = Debug|Win32
		{E3D91577-090E-4B5E-9DEA-BED02CCCC581}.Debug|Win32.Build.0 = Debug|Win32
		{E3D91577-090E-4B5E-9DEA-BED02CCCC581}.Release|Win32.ActiveCfg = Release|Win32
		{E3D91577-090E-4B5E-9DEA-BED02CCCC581}.Release|Win32.Build.0 = Release|Win32
		{CDAC0182-0D44-4C38-BD7D-97FBFE4712CD}.Debug|Win32.ActiveCfg = Debug|Win32
		{CDAC0182-0D44-4C38-BD7D-97FBFE4712CD}.Debug|Win32.Build.0 = Debug|Win32
		{CDAC0182-0D44-4C38-BD7D-97FBFE4712CD}.Release|Win32.ActiveCfg = Release|Win32
		{CDAC0182-0D44-4C38-BD7D-97FBFE4712CD}.Release|Win32.Build.0 = Release|Win32
		{8E6704A6-B177-4A4B-B5E4-B2B64F89CCA2}.Debug|Win32.ActiveCfg = Debug|Win32
		{8E6704A6-B177-4A4B-B5E4-B2B64F89CCA2}.Debug|Win32.Build.0 = Debug|Win32
		{8E6704A6-B177-4A4B-B5E4-B2B64F89CCA2}.Release|Win32.ActiveCfg = Release|Win32
		{8E6704A6-B177-4A4B-B5E4-B2B64F89CCA2}.Release|Win32.Build.0 = Release|Win32
	EndGlobalSection
	GlobalSection(SolutionProperties) = preSolution
		HideSolutionNode = FALSE
	EndGlobalSection
EndGlobal
